
Microsoft Visual Studio Solution File, Format Version 12.00
# Visual Studio Version 16
VisualStudioVersion = 16.0.29920.165
MinimumVisualStudioVersion = 10.0.40219.1
Project("{9A19103F-16F7-4668-BE54-9A1E7A4F7556}") = "LightOps.DependencyInjection", "src\LightOps.DependencyInjection\LightOps.DependencyInjection.csproj", "{E30A0F9A-CC94-420A-9518-713F4F542FB4}"
EndProject
Project("{FAE04EC0-301F-11D3-BF4B-00C04F79EFBC}") = "LightOps.DependencyInjection.Test", "tests\LightOps.DependencyInjection.Test\LightOps.DependencyInjection.Test.csproj", "{04DEC7FD-FDBD-4ACF-89F7-50170ECC5684}"
EndProject
Global
	GlobalSection(SolutionConfigurationPlatforms) = preSolution
		Debug|Any CPU = Debug|Any CPU
		Release|Any CPU = Release|Any CPU
	EndGlobalSection
	GlobalSection(ProjectConfigurationPlatforms) = postSolution
		{E30A0F9A-CC94-420A-9518-713F4F542FB4}.Debug|Any CPU.ActiveCfg = Debug|Any CPU
		{E30A0F9A-CC94-420A-9518-713F4F542FB4}.Debug|Any CPU.Build.0 = Debug|Any CPU
		{E30A0F9A-CC94-420A-9518-713F4F542FB4}.Release|Any CPU.ActiveCfg = Release|Any CPU
		{E30A0F9A-CC94-420A-9518-713F4F542FB4}.Release|Any CPU.Build.0 = Release|Any CPU
		{04DEC7FD-FDBD-4ACF-89F7-50170ECC5684}.Debug|Any CPU.ActiveCfg = Debug|Any CPU
		{04DEC7FD-FDBD-4ACF-89F7-50170ECC5684}.Debug|Any CPU.Build.0 = Debug|Any CPU
		{04DEC7FD-FDBD-4ACF-89F7-50170ECC5684}.Release|Any CPU.ActiveCfg = Release|Any CPU
		{04DEC7FD-FDBD-4ACF-89F7-50170ECC5684}.Release|Any CPU.Build.0 = Release|Any CPU
	EndGlobalSection
	GlobalSection(SolutionProperties) = preSolution
		HideSolutionNode = FALSE
	EndGlobalSection
	GlobalSection(ExtensibilityGlobals) = postSolution
		SolutionGuid = {9883C2DB-2A76-42F8-AE94-0F012A2538A0}
	EndGlobalSection
EndGlobal
